PODS:
  - LJSShakingAlertView (2.0.0):
    - RBBAnimation
    - SDCAutoLayout
  - OCMock (2.2.2)
  - RBBAnimation (0.3.0)
  - SDCAutoLayout (1.0)

DEPENDENCIES:
  - LJSShakingAlertView (from `../`)
  - OCMock (~> 2.2.2)

EXTERNAL SOURCES:
  LJSShakingAlertView:
    :path: ../

SPEC CHECKSUMS:
  LJSShakingAlertView: d7b57c6904b6edd659a86c01cd9b69dcd2ad4a05
  OCMock: ffba68873fd32cfd35d885bddad23bfa816da4a3
  RBBAnimation: e7f31ed62f760f3caf120b5d943267bd9a8e1f64
  SDCAutoLayout: 46af5acfbcfb1a0b1f81746a60cdd42deb752b02

COCOAPODS: 0.29.0
